// !$*UTF8*$!
{
	archiveVersion = 1;
	classes = {
	};
	objectVersion = 50;
	objects = {

/* Begin PBXBuildFile section */
		3EA43BEE21BACF0400FF258E /* AppDelegate.swift in Sources */ = {isa = PBXBuildFile; fileRef = 3EA43BED21BACF0400FF258E /* AppDelegate.swift */; };
		3EA43BF021BACF0400FF258E /* ViewController.swift in Sources */ = {isa = PBXBuildFile; fileRef = 3EA43BEF21BACF0400FF258E /* ViewController.swift */; };
		3EA43BF321BACF0400FF258E /* Main.storyboard in Resources */ = {isa = PBXBuildFile; fileRef = 3EA43BF121BACF0400FF258E /* Main.storyboard */; };
		3EA43BF521BACF0600FF258E /* Assets.xcassets in Resources */ = {isa = PBXBuildFile; fileRef = 3EA43BF421BACF0600FF258E /* Assets.xcassets */; };
		3EA43BF821BACF0600FF258E /* LaunchScreen.storyboard in Resources */ = {isa = PBXBuildFile; fileRef = 3EA43BF621BACF0600FF258E /* LaunchScreen.storyboard */; };
		4D921760945D7C8014D7B096 /* Pods_GuacChain.framework in Frameworks */ = {isa = PBXBuildFile; fileRef = 915D66C1C59E1555547EBB08 /* Pods_GuacChain.framework */; };
/* End PBXBuildFile section */

/* Begin PBXFileReference section */
		3EA43BEA21BACF0400FF258E /* GuacChain.app */ = {isa = PBXFileReference; explicitFileType = wrapper.application; includeInIndex = 0; path = GuacChain.app; sourceTree = BUILT_PRODUCTS_DIR; };
		3EA43BED21BACF0400FF258E /* AppDelegate.swift */ = {isa = PBXFileReference; lastKnownFileType = sourcecode.swift; path = AppDelegate.swift; sourceTree = "<group>"; };
		3EA43BEF21BACF0400FF258E /* ViewController.swift */ = {isa = PBXFileReference; lastKnownFileType = sourcecode.swift; path = ViewController.swift; sourceTree = "<group>"; };
		3EA43BF221BACF0400FF258E /* Base */ = {isa = PBXFileReference; lastKnownFileType = file.storyboard; name = Base; path = Base.lproj/Main.storyboard; sourceTree = "<group>"; };
		3EA43BF421BACF0600FF258E /* Assets.xcassets */ = {isa = PBXFileReference; lastKnownFileType = folder.assetcatalog; path = Assets.xcassets; sourceTree = "<group>"; };
		3EA43BF721BACF0600FF258E /* Base */ = {isa = PBXFileReference; lastKnownFileType = file.storyboard; name = Base; path = Base.lproj/LaunchScreen.storyboard; sourceTree = "<group>"; };
		3EA43BF921BACF0600FF258E /* Info.plist */ = {isa = PBXFileReference; lastKnownFileType = text.plist.xml; path = Info.plist; sourceTree = "<group>"; };
		3F698B9EDD3E5F68871F971D /* Pods-GuacChain.release.xcconfig */ = {isa = PBXFileReference; includeInIndex = 1; lastKnownFileType = text.xcconfig; name = "Pods-GuacChain.release.xcconfig"; path = "Pods/Target Support Files/Pods-GuacChain/Pods-GuacChain.release.xcconfig"; sourceTree = "<group>"; };
		915D66C1C59E1555547EBB08 /* Pods_GuacChain.framework */ = {isa = PBXFileReference; explicitFileType = wrapper.framework; includeInIndex = 0; path = Pods_GuacChain.framework; sourceTree = BUILT_PRODUCTS_DIR; };
		D224856FC992CE55FBD042E2 /* Pods-GuacChain.debug.xcconfig */ = {isa = PBXFileReference; includeInIndex = 1; lastKnownFileType = text.xcconfig; name = "Pods-GuacChain.debug.xcconfig"; path = "Pods/Target Support Files/Pods-GuacChain/Pods-GuacChain.debug.xcconfig"; sourceTree = "<group>"; };
/* End PBXFileReference section */

/* Begin PBXFrameworksBuildPhase section */
		3EA43BE721BACF0400FF258E /* Frameworks */ = {
			isa = PBXFrameworksBuildPhase;
			buildActionMask = 2147483647;
			files = (
				4D921760945D7C8014D7B096 /* Pods_GuacChain.framework in Frameworks */,
			);
			runOnlyForDeploymentPostprocessing = 0;
		};
/* End PBXFrameworksBuildPhase section */

/* Begin PBXGroup section */
		0E5BFE271EED36BFA18FD5E2 /* Frameworks */ = {
			isa = PBXGroup;
			children = (
				915D66C1C59E1555547EBB08 /* Pods_GuacChain.framework */,
			);
			name = Frameworks;
			sourceTree = "<group>";
		};
		3EA43BE121BACF0400FF258E = {
			isa = PBXGroup;
			children = (
				3EA43BEC21BACF0400FF258E /* GuacChain */,
				3EA43BEB21BACF0400FF258E /* Products */,
				97AAAE0FD9C96587037248EC /* Pods */,
				0E5BFE271EED36BFA18FD5E2 /* Frameworks */,
			);
			sourceTree = "<group>";
		};
		3EA43BEB21BACF0400FF258E /* Products */ = {
			isa = PBXGroup;
			children = (
				3EA43BEA21BACF0400FF258E /* GuacChain.app */,
			);
			name = Products;
			sourceTree = "<group>";
		};
		3EA43BEC21BACF0400FF258E /* GuacChain */ = {
			isa = PBXGroup;
			children = (
				3EA43BED21BACF0400FF258E /* AppDelegate.swift */,
				3EA43BEF21BACF0400FF258E /* ViewController.swift */,
				3EA43BF121BACF0400FF258E /* Main.storyboard */,
				3EA43BF421BACF0600FF258E /* Assets.xcassets */,
				3EA43BF621BACF0600FF258E /* LaunchScreen.storyboard */,
				3EA43BF921BACF0600FF258E /* Info.plist */,
			);
			path = GuacChain;
			sourceTree = "<group>";
		};
		97AAAE0FD9C96587037248EC /* Pods */ = {
			isa = PBXGroup;
			children = (
				D224856FC992CE55FBD042E2 /* Pods-GuacChain.debug.xcconfig */,
				3F698B9EDD3E5F68871F971D /* Pods-GuacChain.release.xcconfig */,
			);
			name = Pods;
			sourceTree = "<group>";
		};
/* End PBXGroup section */

/* Begin PBXNativeTarget section */
		3EA43BE921BACF0400FF258E /* GuacChain */ = {
			isa = PBXNativeTarget;
			buildConfigurationList = 3EA43BFC21BACF0600FF258E /* Build configuration list for PBXNativeTarget "GuacChain" */;
			buildPhases = (
				D9A107C25AD00147C2D95C49 /* [CP] Check Pods Manifest.lock */,
				3EA43BE621BACF0400FF258E /* Sources */,
				3EA43BE721BACF0400FF258E /* Frameworks */,
				3EA43BE821BACF0400FF258E /* Resources */,
				F233E31A2F84492B654CB4E2 /* [CP] Embed Pods Frameworks */,
			);
			buildRules = (
			);
			dependencies = (
			);
			name = GuacChain;
			productName = GuacChain;
			productReference = 3EA43BEA21BACF0400FF258E /* GuacChain.app */;
			productType = "com.apple.product-type.application";
		};
/* End PBXNativeTarget section */

/* Begin PBXProject section */
		3EA43BE221BACF0400FF258E /* Project object */ = {
			isa = PBXProject;
			attributes = {
				LastSwiftUpdateCheck = 1010;
				LastUpgradeCheck = 1010;
				ORGANIZATIONNAME = "John Gallaugher";
				TargetAttributes = {
					3EA43BE921BACF0400FF258E = {
						CreatedOnToolsVersion = 10.1;
					};
				};
			};
			buildConfigurationList = 3EA43BE521BACF0400FF258E /* Build configuration list for PBXProject "GuacChain" */;
			compatibilityVersion = "Xcode 9.3";
			developmentRegion = en;
			hasScannedForEncodings = 0;
			knownRegions = (
				en,
				Base,
			);
			mainGroup = 3EA43BE121BACF0400FF258E;
			productRefGroup = 3EA43BEB21BACF0400FF258E /* Products */;
			projectDirPath = "";
			projectRoot = "";
			targets = (
				3EA43BE921BACF0400FF258E /* GuacChain */,
			);
		};
/* End PBXProject section */

/* Begin PBXResourcesBuildPhase section */
		3EA43BE821BACF0400FF258E /* Resources */ = {
			isa = PBXResourcesBuildPhase;
			buildActionMask = 2147483647;
			files = (
				3EA43BF821BACF0600FF258E /* LaunchScreen.storyboard in Resources */,
				3EA43BF521BACF0600FF258E /* Assets.xcassets in Resources */,
				3EA43BF321BACF0400FF258E /* Main.storyboard in Resources */,
			);
			runOnlyForDeploymentPostprocessing = 0;
		};
/* End PBXResourcesBuildPhase section */

/* Begin PBXShellScriptBuildPhase section */
		D9A107C25AD00147C2D95C49 /* [CP] Check Pods Manifest.lock */ = {
			isa = PBXShellScriptBuildPhase;
			buildActionMask = 2147483647;
			files = (
			);
			inputPaths = (
				"${PODS_PODFILE_DIR_PATH}/Podfile.lock",
				"${PODS_ROOT}/Manifest.lock",
			);
			name = "[CP] Check Pods Manifest.lock";
			outputPaths = (
				"$(DERIVED_FILE_DIR)/Pods-GuacChain-checkManifestLockResult.txt",
			);
			runOnlyForDeploymentPostprocessing = 0;
			shellPath = /bin/sh;
			shellScript = "diff \"${PODS_PODFILE_DIR_PATH}/Podfile.lock\" \"${PODS_ROOT}/Manifest.lock\" > /dev/null\nif [ $? != 0 ] ; then\n    # print error to STDERR\n    echo \"error: The sandbox is not in sync with the Podfile.lock. Run 'pod install' or update your CocoaPods installation.\" >&2\n    exit 1\nfi\n# This output is used by Xcode 'outputs' to avoid re-running this script phase.\necho \"SUCCESS\" > \"${SCRIPT_OUTPUT_FILE_0}\"\n";
			showEnvVarsInLog = 0;
		};
		F233E31A2F84492B654CB4E2 /* [CP] Embed Pods Frameworks */ = {
			isa = PBXShellScriptBuildPhase;
			buildActionMask = 2147483647;
			files = (
			);
			inputPaths = (
				"${SRCROOT}/Pods/Target Support Files/Pods-GuacChain/Pods-GuacChain-frameworks.sh",
				"${BUILT_PRODUCTS_DIR}/Alamofire/Alamofire.framework",
				"${BUILT_PRODUCTS_DIR}/SwiftyJSON/SwiftyJSON.framework",
			);
			name = "[CP] Embed Pods Frameworks";
			outputPaths = (
				"${TARGET_BUILD_DIR}/${FRAMEWORKS_FOLDER_PATH}/Alamofire.framework",
				"${TARGET_BUILD_DIR}/${FRAMEWORKS_FOLDER_PATH}/SwiftyJSON.framework",
			);
			runOnlyForDeploymentPostprocessing = 0;
			shellPath = /bin/sh;
			shellScript = "\"${SRCROOT}/Pods/Target Support Files/Pods-GuacChain/Pods-GuacChain-frameworks.sh\"\n";
			showEnvVarsInLog = 0;
		};
/* End PBXShellScriptBuildPhase section */

/* Begin PBXSourcesBuildPhase section */
		3EA43BE621BACF0400FF258E /* Sources */ = {
			isa = PBXSourcesBuildPhase;
			buildActionMask = 2147483647;
			files = (
				3EA43BF021BACF0400FF258E /* ViewController.swift in Sources */,
				3EA43BEE21BACF0400FF258E /* AppDelegate.swift in Sources */,
			);
			runOnlyForDeploymentPostprocessing = 0;
		};
/* End PBXSourcesBuildPhase section */

/* Begin PBXVariantGroup section */
		3EA43BF121BACF0400FF258E /* Main.storyboard */ = {
			isa = PBXVariantGroup;
			children = (
				3EA43BF221BACF0400FF258E /* Base */,
			);
			name = Main.storyboard;
			sourceTree = "<group>";
		};
		3EA43BF621BACF0600FF258E /* LaunchScreen.storyboard */ = {
			isa = PBXVariantGroup;
			children = (
				3EA43BF721BACF0600FF258E /* Base */,
			);
			name = LaunchScreen.storyboard;
			sourceTree = "<group>";
		};
/* End PBXVariantGroup section */

/* Begin XCBuildConfiguration section */
		3EA43BFA21BACF0600FF258E /* Debug */ = {
			isa = XCBuildConfiguration;
			buildSettings = {
				ALWAYS_SEARCH_USER_PATHS = NO;
				CLANG_ANALYZER_NONNULL = YES;
				CLANG_ANALYZER_NUMBER_OBJECT_CONVERSION = YES_AGGRESSIVE;
				CLANG_CXX_LANGUAGE_STANDARD = "gnu++14";
				CLANG_CXX_LIBRARY = "libc++";
				CLANG_ENABLE_MODULES = YES;
				CLANG_ENABLE_OBJC_ARC = YES;
				CLANG_ENABLE_OBJC_WEAK = YES;
				CLANG_WARN_BLOCK_CAPTURE_AUTORELEASING = YES;
				CLANG_WARN_BOOL_CONVERSION = YES;
				CLANG_WARN_COMMA = YES;
				CLANG_WARN_CONSTANT_CONVERSION = YES;
				CLANG_WARN_DEPRECATED_OBJC_IMPLEMENTATIONS = YES;
				CLANG_WARN_DIRECT_OBJC_ISA_USAGE = YES_ERROR;
				CLANG_WARN_DOCUMENTATION_COMMENTS = YES;
				CLANG_WARN_EMPTY_BODY = YES;
				CLANG_WARN_ENUM_CONVERSION = YES;
				CLANG_WARN_INFINITE_RECURSION = YES;
				CLANG_WARN_INT_CONVERSION = YES;
				CLANG_WARN_NON_LITERAL_NULL_CONVERSION = YES;
				CLANG_WARN_OBJC_IMPLICIT_RETAIN_SELF = YES;
				CLANG_WARN_OBJC_LITERAL_CONVERSION = YES;
				CLANG_WARN_OBJC_ROOT_CLASS = YES_ERROR;
				CLANG_WARN_RANGE_LOOP_ANALYSIS = YES;
				CLANG_WARN_STRICT_PROTOTYPES = YES;
				CLANG_WARN_SUSPICIOUS_MOVE = YES;
				CLANG_WARN_UNGUARDED_AVAILABILITY = YES_AGGRESSIVE;
				CLANG_WARN_UNREACHABLE_CODE = YES;
				CLANG_WARN__DUPLICATE_METHOD_MATCH = YES;
				CODE_SIGN_IDENTITY = "iPhone Developer";
				COPY_PHASE_STRIP = NO;
				DEBUG_INFORMATION_FORMAT = dwarf;
				ENABLE_STRICT_OBJC_MSGSEND = YES;
				ENABLE_TESTABILITY = YES;
				GCC_C_LANGUAGE_STANDARD = gnu11;
				GCC_DYNAMIC_NO_PIC = NO;
				GCC_NO_COMMON_BLOCKS = YES;
				GCC_OPTIMIZATION_LEVEL = 0;
				GCC_PREPROCESSOR_DEFINITIONS = (
					"DEBUG=1",
					"$(inherited)",
				);
				GCC_WARN_64_TO_32_BIT_CONVERSION = YES;
				GCC_WARN_ABOUT_RETURN_TYPE = YES_ERROR;
				GCC_WARN_UNDECLARED_SELECTOR = YES;
				GCC_WARN_UNINITIALIZED_AUTOS = YES_AGGRESSIVE;
				GCC_WARN_UNUSED_FUNCTION = YES;
				GCC_WARN_UNUSED_VARIABLE = YES;
				IPHONEOS_DEPLOYMENT_TARGET = 12.1;
				MTL_ENABLE_DEBUG_INFO = INCLUDE_SOURCE;
				MTL_FAST_MATH = YES;
				ONLY_ACTIVE_ARCH = YES;
				SDKROOT = iphoneos;
				SWIFT_ACTIVE_COMPILATION_CONDITIONS = DEBUG;
				SWIFT_OPTIMIZATION_LEVEL = "-Onone";
			};
			name = Debug;
		};
		3EA43BFB21BACF0600FF258E /* Release */ = {
			isa = XCBuildConfiguration;
			buildSettings = {
				ALWAYS_SEARCH_USER_PATHS = NO;
				CLANG_ANALYZER_NONNULL = YES;
				CLANG_ANALYZER_NUMBER_OBJECT_CONVERSION = YES_AGGRESSIVE;
				CLANG_CXX_LANGUAGE_STANDARD = "gnu++14";
				CLANG_CXX_LIBRARY = "libc++";
				CLANG_ENABLE_MODULES = YES;
				CLANG_ENABLE_OBJC_ARC = YES;
				CLANG_ENABLE_OBJC_WEAK = YES;
				CLANG_WARN_BLOCK_CAPTURE_AUTORELEASING = YES;
				CLANG_WARN_BOOL_CONVERSION = YES;
				CLANG_WARN_COMMA = YES;
				CLANG_WARN_CONSTANT_CONVERSION = YES;
				CLANG_WARN_DEPRECATED_OBJC_IMPLEMENTATIONS = YES;
				CLANG_WARN_DIRECT_OBJC_ISA_USAGE = YES_ERROR;
				CLANG_WARN_DOCUMENTATION_COMMENTS = YES;
				CLANG_WARN_EMPTY_BODY = YES;
				CLANG_WARN_ENUM_CONVERSION = YES;
				CLANG_WARN_INFINITE_RECURSION = YES;
				CLANG_WARN_INT_CONVERSION = YES;
				CLANG_WARN_NON_LITERAL_NULL_CONVERSION = YES;
				CLANG_WARN_OBJC_IMPLICIT_RETAIN_SELF = YES;
				CLANG_WARN_OBJC_LITERAL_CONVERSION = YES;
				CLANG_WARN_OBJC_ROOT_CLASS = YES_ERROR;
				CLANG_WARN_RANGE_LOOP_ANALYSIS = YES;
				CLANG_WARN_STRICT_PROTOTYPES = YES;
				CLANG_WARN_SUSPICIOUS_MOVE = YES;
				CLANG_WARN_UNGUARDED_AVAILABILITY = YES_AGGRESSIVE;
				CLANG_WARN_UNREACHABLE_CODE = YES;
				CLANG_WARN__DUPLICATE_METHOD_MATCH = YES;
				CODE_SIGN_IDENTITY = "iPhone Developer";
				COPY_PHASE_STRIP = NO;
				DEBUG_INFORMATION_FORMAT = "dwarf-with-dsym";
				ENABLE_NS_ASSERTIONS = NO;
				ENABLE_STRICT_OBJC_MSGSEND = YES;
				GCC_C_LANGUAGE_STANDARD = gnu11;
				GCC_NO_COMMON_BLOCKS = YES;
				GCC_WARN_64_TO_32_BIT_CONVERSION = YES;
				GCC_WARN_ABOUT_RETURN_TYPE = YES_ERROR;
				GCC_WARN_UNDECLARED_SELECTOR = YES;
				GCC_WARN_UNINITIALIZED_AUTOS = YES_AGGRESSIVE;
				GCC_WARN_UNUSED_FUNCTION = YES;
				GCC_WARN_UNUSED_VARIABLE = YES;
				IPHONEOS_DEPLOYMENT_TARGET = 12.1;
				MTL_ENABLE_DEBUG_INFO = NO;
				MTL_FAST_MATH = YES;
				SDKROOT = iphoneos;
				SWIFT_COMPILATION_MODE = wholemodule;
				SWIFT_OPTIMIZATION_LEVEL = "-O";
				VALIDATE_PRODUCT = YES;
			};
			name = Release;
		};
		3EA43BFD21BACF0600FF258E /* Debug */ = {
			isa = XCBuildConfiguration;
			baseConfigurationReference = D224856FC992CE55FBD042E2 /* Pods-GuacChain.debug.xcconfig */;
			buildSettings = {
				ASSETCATALOG_COMPILER_APPICON_NAME = AppIcon;
				CODE_SIGN_STYLE = Automatic;
				DEVELOPMENT_TEAM = 9937BJYLPH;
				INFOPLIST_FILE = GuacChain/Info.plist;
				LD_RUNPATH_SEARCH_PATHS = (
					"$(inherited)",
					"@executable_path/Frameworks",
				);
				PRODUCT_BUNDLE_IDENTIFIER = com.gallaugher.GuacChain;
				PRODUCT_NAME = "$(TARGET_NAME)";
				SWIFT_VERSION = 4.2;
				TARGETED_DEVICE_FAMILY = "1,2";
			};
			name = Debug;
		};
		3EA43BFE21BACF0600FF258E /* Release */ = {
			isa = XCBuildConfiguration;
			baseConfigurationReference = 3F698B9EDD3E5F68871F971D /* Pods-GuacChain.release.xcconfig */;
			buildSettings = {
				ASSETCATALOG_COMPILER_APPICON_NAME = AppIcon;
				CODE_SIGN_STYLE = Automatic;
				DEVELOPMENT_TEAM = 9937BJYLPH;
				INFOPLIST_FILE = GuacChain/Info.plist;
				LD_RUNPATH_SEARCH_PATHS = (
					"$(inherited)",
					"@executable_path/Frameworks",
				);
				PRODUCT_BUNDLE_IDENTIFIER = com.gallaugher.GuacChain;
				PRODUCT_NAME = "$(TARGET_NAME)";
				SWIFT_VERSION = 4.2;
				TARGETED_DEVICE_FAMILY = "1,2";
			};
			name = Release;
		};
/* End XCBuildConfiguration section */

/* Begin XCConfigurationList section */
		3EA43BE521BACF0400FF258E /* Build configuration list for PBXProject "GuacChain" */ = {
			isa = XCConfigurationList;
			buildConfigurations = (
				3EA43BFA21BACF0600FF258E /* Debug */,
				3EA43BFB21BACF0600FF258E /* Release */,
			);
			defaultConfigurationIsVisible = 0;
			defaultConfigurationName = Release;
		};
		3EA43BFC21BACF0600FF258E /* Build configuration list for PBXNativeTarget "GuacChain" */ = {
			isa = XCConfigurationList;
			buildConfigurations = (
				3EA43BFD21BACF0600FF258E /* Debug */,
				3EA43BFE21BACF0600FF258E /* Release */,
			);
			defaultConfigurationIsVisible = 0;
			defaultConfigurationName = Release;
		};
/* End XCConfigurationList section */
	};
	rootObject = 3EA43BE221BACF0400FF258E /* Project object */;
}
